
Microsoft Visual Studio Solution File, Format Version 12.00
# Visual Studio 15
VisualStudioVersion = 15.0.28307.136
MinimumVisualStudioVersion = 10.0.40219.1
Project("{2150E333-8FDC-42A3-9474-1A3956D46DE8}") = "Tests", "Tests", "{35F1BCB4-D38A-4C3C-A361-53E5E24AB3BD}"
EndProject
Project("{9A19103F-16F7-4668-BE54-9A1E7A4F7556}") = "Garbage", "src\Garbage\Garbage.csproj", "{795A9CA1-4566-4569-989B-F23F0246AAB3}"
EndProject
Project("{9A19103F-16F7-4668-BE54-9A1E7A4F7556}") = "Waste", "src\Waste\Waste.csproj", "{D8766BB9-7180-40A1-92E4-707B89811B01}"
EndProject
Project("{9A19103F-16F7-4668-BE54-9A1E7A4F7556}") = "GarbageTests", "tests\GarbageTests\GarbageTests.csproj", "{8973EB7F-40FA-4866-9EC9-139896115E34}"
EndProject
Project("{9A19103F-16F7-4668-BE54-9A1E7A4F7556}") = "WasteTests", "tests\WasteTests\WasteTests.csproj", "{4339531E-4552-4662-84A1-59479CFCCD61}"
EndProject
Project("{9A19103F-16F7-4668-BE54-9A1E7A4F7556}") = "Refuse", "Refuse\Refuse.csproj", "{B8442674-F8F3-4AA9-8CDC-9573137093E8}"
EndProject
Project("{00D1A9C2-B5F0-4AF3-8072-F6C62B433612}") = "TestDb", "tests\TestDb\TestDb.sqlproj", "{14468164-4A29-4880-AACB-6CB9B4ADCDB7}"
EndProject
Global
	GlobalSection(SolutionConfigurationPlatforms) = preSolution
		Debug|Any CPU = Debug|Any CPU
		Release|Any CPU = Release|Any CPU
	EndGlobalSection
	GlobalSection(ProjectConfigurationPlatforms) = postSolution
		{795A9CA1-4566-4569-989B-F23F0246AAB3}.Debug|Any CPU.ActiveCfg = Debug|Any CPU
		{795A9CA1-4566-4569-989B-F23F0246AAB3}.Debug|Any CPU.Build.0 = Debug|Any CPU
		{795A9CA1-4566-4569-989B-F23F0246AAB3}.Release|Any CPU.ActiveCfg = Release|Any CPU
		{795A9CA1-4566-4569-989B-F23F0246AAB3}.Release|Any CPU.Build.0 = Release|Any CPU
		{D8766BB9-7180-40A1-92E4-707B89811B01}.Debug|Any CPU.ActiveCfg = Debug|Any CPU
		{D8766BB9-7180-40A1-92E4-707B89811B01}.Debug|Any CPU.Build.0 = Debug|Any CPU
		{D8766BB9-7180-40A1-92E4-707B89811B01}.Release|Any CPU.ActiveCfg = Release|Any CPU
		{D8766BB9-7180-40A1-92E4-707B89811B01}.Release|Any CPU.Build.0 = Release|Any CPU
		{8973EB7F-40FA-4866-9EC9-139896115E34}.Debug|Any CPU.ActiveCfg = Debug|Any CPU
		{8973EB7F-40FA-4866-9EC9-139896115E34}.Debug|Any CPU.Build.0 = Debug|Any CPU
		{8973EB7F-40FA-4866-9EC9-139896115E34}.Release|Any CPU.ActiveCfg = Release|Any CPU
		{8973EB7F-40FA-4866-9EC9-139896115E34}.Release|Any CPU.Build.0 = Release|Any CPU
		{4339531E-4552-4662-84A1-59479CFCCD61}.Debug|Any CPU.ActiveCfg = Debug|Any CPU
		{4339531E-4552-4662-84A1-59479CFCCD61}.Debug|Any CPU.Build.0 = Debug|Any CPU
		{4339531E-4552-4662-84A1-59479CFCCD61}.Release|Any CPU.ActiveCfg = Release|Any CPU
		{4339531E-4552-4662-84A1-59479CFCCD61}.Release|Any CPU.Build.0 = Release|Any CPU
		{B8442674-F8F3-4AA9-8CDC-9573137093E8}.Debug|Any CPU.ActiveCfg = Debug|Any CPU
		{B8442674-F8F3-4AA9-8CDC-9573137093E8}.Debug|Any CPU.Build.0 = Debug|Any CPU
		{B8442674-F8F3-4AA9-8CDC-9573137093E8}.Release|Any CPU.ActiveCfg = Release|Any CPU
		{B8442674-F8F3-4AA9-8CDC-9573137093E8}.Release|Any CPU.Build.0 = Release|Any CPU
		{14468164-4A29-4880-AACB-6CB9B4ADCDB7}.Debug|Any CPU.ActiveCfg = Debug|Any CPU
		{14468164-4A29-4880-AACB-6CB9B4ADCDB7}.Debug|Any CPU.Build.0 = Debug|Any CPU
		{14468164-4A29-4880-AACB-6CB9B4ADCDB7}.Debug|Any CPU.Deploy.0 = Debug|Any CPU
		{14468164-4A29-4880-AACB-6CB9B4ADCDB7}.Release|Any CPU.ActiveCfg = Release|Any CPU
		{14468164-4A29-4880-AACB-6CB9B4ADCDB7}.Release|Any CPU.Build.0 = Release|Any CPU
		{14468164-4A29-4880-AACB-6CB9B4ADCDB7}.Release|Any CPU.Deploy.0 = Release|Any CPU
	EndGlobalSection
	GlobalSection(SolutionProperties) = preSolution
		HideSolutionNode = FALSE
	EndGlobalSection
	GlobalSection(NestedProjects) = preSolution
		{8973EB7F-40FA-4866-9EC9-139896115E34} = {35F1BCB4-D38A-4C3C-A361-53E5E24AB3BD}
		{4339531E-4552-4662-84A1-59479CFCCD61} = {35F1BCB4-D38A-4C3C-A361-53E5E24AB3BD}
		{14468164-4A29-4880-AACB-6CB9B4ADCDB7} = {35F1BCB4-D38A-4C3C-A361-53E5E24AB3BD}
	EndGlobalSection
	GlobalSection(ExtensibilityGlobals) = postSolution
		SolutionGuid = {D7CF0BB9-2CA1-499B-8418-E8ABB110A912}
	EndGlobalSection
EndGlobal
